<Solution>
  <Configurations>
    <Platform Name="x64" />
    <Platform Name="x86" />
  </Configurations>
  <Folder Name="/Elementi di soluzione/">
    <File Path="README.md" />
  </Folder>
  <Project Path="sha256sum-windows/sha256sum-windows.vcxproj" Id="342ab3ac-7a1e-4592-bf8f-82c31183fb75" />
</Solution>
